
Microsoft Visual Studio Solution File, Format Version 12.00
# Visual Studio Version 17
VisualStudioVersion = 17.0.32014.148
MinimumVisualStudioVersion = 10.0.40219.1
Project("{FAE04EC0-301F-11D3-BF4B-00C04F79EFBC}") = "MockAssessment2", "MockAssessment2\MockAssessment2.csproj", "{4E669EA7-0E20-45CE-9719-F70CB8A6C077}"
EndProject
Global
	GlobalSection(SolutionConfigurationPlatforms) = preSolution
		Debug|Any CPU = Debug|Any CPU
		Release|Any CPU = Release|Any CPU
	EndGlobalSection
	GlobalSection(ProjectConfigurationPlatforms) = postSolution
		{4E669EA7-0E20-45CE-9719-F70CB8A6C077}.Debug|Any CPU.ActiveCfg = Debug|Any CPU
		{4E669EA7-0E20-45CE-9719-F70CB8A6C077}.Debug|Any CPU.Build.0 = Debug|Any CPU
		{4E669EA7-0E20-45CE-9719-F70CB8A6C077}.Release|Any CPU.ActiveCfg = Release|Any CPU
		{4E669EA7-0E20-45CE-9719-F70CB8A6C077}.Release|Any CPU.Build.0 = Release|Any CPU
	EndGlobalSection
	GlobalSection(SolutionProperties) = preSolution
		HideSolutionNode = FALSE
	EndGlobalSection
	GlobalSection(ExtensibilityGlobals) = postSolution
		SolutionGuid = {E48A4C5F-8887-453C-B101-2EE686DED1EC}
	EndGlobalSection
EndGlobal
